// !$*UTF8*$!
{
	archiveVersion = 1;
	classes = {
	};
	objectVersion = 46;
	objects = {

/* Begin PBXBuildFile section */
		8E0770B01D99372B00208D9F /* AppDelegate.swift in Sources */ = {isa = PBXBuildFile; fileRef = 8E0770AF1D99372B00208D9F /* AppDelegate.swift */; };
		8E0770B21D99372B00208D9F /* ViewController.swift in Sources */ = {isa = PBXBuildFile; fileRef = 8E0770B11D99372B00208D9F /* ViewController.swift */; };
		8E0770B51D99372B00208D9F /* Main.storyboard in Resources */ = {isa = PBXBuildFile; fileRef = 8E0770B31D99372B00208D9F /* Main.storyboard */; };
		8E0770B71D99372B00208D9F /* Assets.xcassets in Resources */ = {isa = PBXBuildFile; fileRef = 8E0770B61D99372B00208D9F /* Assets.xcassets */; };
		8E0770BA1D99372B00208D9F /* LaunchScreen.storyboard in Resources */ = {isa = PBXBuildFile; fileRef = 8E0770B81D99372B00208D9F /* LaunchScreen.storyboard */; };
		8E0770C51D99372B00208D9F /* WODStoryTests.swift in Sources */ = {isa = PBXBuildFile; fileRef = 8E0770C41D99372B00208D9F /* WODStoryTests.swift */; };
		8E0770D01D99372B00208D9F /* WODStoryUITests.swift in Sources */ = {isa = PBXBuildFile; fileRef = 8E0770CF1D99372B00208D9F /* WODStoryUITests.swift */; };
		8E0770E21D993C0F00208D9F /* Singleton.swift in Sources */ = {isa = PBXBuildFile; fileRef = 8E0770E11D993C0F00208D9F /* Singleton.swift */; };
		8EBD52C21D9E32A4009EF442 /* Logging.storyboard in Resources */ = {isa = PBXBuildFile; fileRef = 8EBD52C11D9E32A4009EF442 /* Logging.storyboard */; };
		9866602B1DA4EE5F00B6BD0B /* FeedViewController.swift in Sources */ = {isa = PBXBuildFile; fileRef = 9866602A1DA4EE5F00B6BD0B /* FeedViewController.swift */; };
		9866602E1DA4EF2300B6BD0B /* UserModel.swift in Sources */ = {isa = PBXBuildFile; fileRef = 9866602D1DA4EF2300B6BD0B /* UserModel.swift */; };
		986660301DA4F0F200B6BD0B /* StaticInfo.swift in Sources */ = {isa = PBXBuildFile; fileRef = 9866602F1DA4F0F200B6BD0B /* StaticInfo.swift */; };
		986660321DA4F44900B6BD0B /* WODModel.swift in Sources */ = {isa = PBXBuildFile; fileRef = 986660311DA4F44900B6BD0B /* WODModel.swift */; };
		986660351DA4F78600B6BD0B /* SwiftyJSON.swift in Sources */ = {isa = PBXBuildFile; fileRef = 986660341DA4F78600B6BD0B /* SwiftyJSON.swift */; };
		986660371DACBEEB00B6BD0B /* db.sqlite3 in Resources */ = {isa = PBXBuildFile; fileRef = 986660361DACBEEB00B6BD0B /* db.sqlite3 */; };
		986660391DACC9EF00B6BD0B /* Auth.storyboard in Resources */ = {isa = PBXBuildFile; fileRef = 986660381DACC9EF00B6BD0B /* Auth.storyboard */; };
		9866603C1DACDD8900B6BD0B /* AuthMainViewController.swift in Sources */ = {isa = PBXBuildFile; fileRef = 9866603B1DACDD8900B6BD0B /* AuthMainViewController.swift */; };
		9866603F1DACE89600B6BD0B /* LoadingScene.swift in Sources */ = {isa = PBXBuildFile; fileRef = 9866603E1DACE89600B6BD0B /* LoadingScene.swift */; };
		986660421DAE020C00B6BD0B /* WODListTableView.swift in Sources */ = {isa = PBXBuildFile; fileRef = 986660411DAE020C00B6BD0B /* WODListTableView.swift */; };
		987AE23D1DAE367800FBC995 /* WODListTableViewCell.xib in Resources */ = {isa = PBXBuildFile; fileRef = 987AE23C1DAE367800FBC995 /* WODListTableViewCell.xib */; };
		987AE23F1DAE3AF000FBC995 /* WODListTableViewCell.swift in Sources */ = {isa = PBXBuildFile; fileRef = 987AE23E1DAE3AF000FBC995 /* WODListTableViewCell.swift */; };
		987AE2421DAF5A0A00FBC995 /* LoadingCell.xib in Resources */ = {isa = PBXBuildFile; fileRef = 987AE2411DAF5A0A00FBC995 /* LoadingCell.xib */; };
		987AE2451DAF5D1800FBC995 /* WODDetailViewController.swift in Sources */ = {isa = PBXBuildFile; fileRef = 987AE2441DAF5D1800FBC995 /* WODDetailViewController.swift */; };
		987AE2471DAF6E0200FBC995 /* WorkoutModel.swift in Sources */ = {isa = PBXBuildFile; fileRef = 987AE2461DAF6E0200FBC995 /* WorkoutModel.swift */; };
		987AE2491DAF818200FBC995 /* MainTabBarController.swift in Sources */ = {isa = PBXBuildFile; fileRef = 987AE2481DAF818200FBC995 /* MainTabBarController.swift */; };
		987AE24C1DAF875000FBC995 /* LoggingViewController.swift in Sources */ = {isa = PBXBuildFile; fileRef = 987AE24B1DAF875000FBC995 /* LoggingViewController.swift */; };
		987AE24F1DAF935D00FBC995 /* NewWorkoutCell.xib in Resources */ = {isa = PBXBuildFile; fileRef = 987AE24E1DAF935D00FBC995 /* NewWorkoutCell.xib */; };
		987AE2511DB0B1F600FBC995 /* NewWorkoutCell.swift in Sources */ = {isa = PBXBuildFile; fileRef = 987AE2501DB0B1F600FBC995 /* NewWorkoutCell.swift */; };
		987AE2531DB4D3AE00FBC995 /* RecommendTableViewCell.xib in Resources */ = {isa = PBXBuildFile; fileRef = 987AE2521DB4D3AE00FBC995 /* RecommendTableViewCell.xib */; };
/* End PBXBuildFile section */

/* Begin PBXContainerItemProxy section */
		8E0770C11D99372B00208D9F /* PBXContainerItemProxy */ = {
			isa = PBXContainerItemProxy;
			containerPortal = 8E0770A41D99372B00208D9F /* Project object */;
			proxyType = 1;
			remoteGlobalIDString = 8E0770AB1D99372B00208D9F;
			remoteInfo = WODStory;
		};
		8E0770CC1D99372B00208D9F /* PBXContainerItemProxy */ = {
			isa = PBXContainerItemProxy;
			containerPortal = 8E0770A41D99372B00208D9F /* Project object */;
			proxyType = 1;
			remoteGlobalIDString = 8E0770AB1D99372B00208D9F;
			remoteInfo = WODStory;
		};
/* End PBXContainerItemProxy section */

/* Begin PBXFileReference section */
		8E0770AC1D99372B00208D9F /* WODStory.app */ = {isa = PBXFileReference; explicitFileType = wrapper.application; includeInIndex = 0; path = WODStory.app; sourceTree = BUILT_PRODUCTS_DIR; };
		8E0770AF1D99372B00208D9F /* AppDelegate.swift */ = {isa = PBXFileReference; lastKnownFileType = sourcecode.swift; path = AppDelegate.swift; sourceTree = "<group>"; };
		8E0770B11D99372B00208D9F /* ViewController.swift */ = {isa = PBXFileReference; lastKnownFileType = sourcecode.swift; path = ViewController.swift; sourceTree = "<group>"; };
		8E0770B41D99372B00208D9F /* Base */ = {isa = PBXFileReference; lastKnownFileType = file.storyboard; name = Base; path = Base.lproj/Main.storyboard; sourceTree = "<group>"; };
		8E0770B61D99372B00208D9F /* Assets.xcassets */ = {isa = PBXFileReference; lastKnownFileType = folder.assetcatalog; path = Assets.xcassets; sourceTree = "<group>"; };
		8E0770B91D99372B00208D9F /* Base */ = {isa = PBXFileReference; lastKnownFileType = file.storyboard; name = Base; path = Base.lproj/LaunchScreen.storyboard; sourceTree = "<group>"; };
		8E0770BB1D99372B00208D9F /* Info.plist */ = {isa = PBXFileReference; lastKnownFileType = text.plist.xml; path = Info.plist; sourceTree = "<group>"; };
		8E0770C01D99372B00208D9F /* WODStoryTests.xctest */ = {isa = PBXFileReference; explicitFileType = wrapper.cfbundle; includeInIndex = 0; path = WODStoryTests.xctest; sourceTree = BUILT_PRODUCTS_DIR; };
		8E0770C41D99372B00208D9F /* WODStoryTests.swift */ = {isa = PBXFileReference; lastKnownFileType = sourcecode.swift; path = WODStoryTests.swift; sourceTree = "<group>"; };
		8E0770C61D99372B00208D9F /* Info.plist */ = {isa = PBXFileReference; lastKnownFileType = text.plist.xml; path = Info.plist; sourceTree = "<group>"; };
		8E0770CB1D99372B00208D9F /* WODStoryUITests.xctest */ = {isa = PBXFileReference; explicitFileType = wrapper.cfbundle; includeInIndex = 0; path = WODStoryUITests.xctest; sourceTree = BUILT_PRODUCTS_DIR; };
		8E0770CF1D99372B00208D9F /* WODStoryUITests.swift */ = {isa = PBXFileReference; lastKnownFileType = sourcecode.swift; path = WODStoryUITests.swift; sourceTree = "<group>"; };
		8E0770D11D99372B00208D9F /* Info.plist */ = {isa = PBXFileReference; lastKnownFileType = text.plist.xml; path = Info.plist; sourceTree = "<group>"; };
		8E0770DE1D993B8E00208D9F /* libsqlite3.tbd */ = {isa = PBXFileReference; lastKnownFileType = "sourcecode.text-based-dylib-definition"; name = libsqlite3.tbd; path = usr/lib/libsqlite3.tbd; sourceTree = SDKROOT; };
		8E0770E11D993C0F00208D9F /* Singleton.swift */ = {isa = PBXFileReference; fileEncoding = 4; lastKnownFileType = sourcecode.swift; path = Singleton.swift; sourceTree = "<group>"; };
		8EBD52C11D9E32A4009EF442 /* Logging.storyboard */ = {isa = PBXFileReference; fileEncoding = 4; lastKnownFileType = file.storyboard; path = Logging.storyboard; sourceTree = "<group>"; };
		9866602A1DA4EE5F00B6BD0B /* FeedViewController.swift */ = {isa = PBXFileReference; fileEncoding = 4; lastKnownFileType = sourcecode.swift; path = FeedViewController.swift; sourceTree = "<group>"; };
		9866602D1DA4EF2300B6BD0B /* UserModel.swift */ = {isa = PBXFileReference; fileEncoding = 4; lastKnownFileType = sourcecode.swift; path = UserModel.swift; sourceTree = "<group>"; };
		9866602F1DA4F0F200B6BD0B /* StaticInfo.swift */ = {isa = PBXFileReference; fileEncoding = 4; lastKnownFileType = sourcecode.swift; path = StaticInfo.swift; sourceTree = "<group>"; };
		986660311DA4F44900B6BD0B /* WODModel.swift */ = {isa = PBXFileReference; fileEncoding = 4; lastKnownFileType = sourcecode.swift; path = WODModel.swift; sourceTree = "<group>"; };
		986660341DA4F78600B6BD0B /* SwiftyJSON.swift */ = {isa = PBXFileReference; fileEncoding = 4; lastKnownFileType = sourcecode.swift; path = SwiftyJSON.swift; sourceTree = "<group>"; };
		986660361DACBEEB00B6BD0B /* db.sqlite3 */ = {isa = PBXFileReference; lastKnownFileType = file; path = db.sqlite3; sourceTree = "<group>"; };
		986660381DACC9EF00B6BD0B /* Auth.storyboard */ = {isa = PBXFileReference; fileEncoding = 4; lastKnownFileType = file.storyboard; path = Auth.storyboard; sourceTree = "<group>"; };
		9866603B1DACDD8900B6BD0B /* AuthMainViewController.swift */ = {isa = PBXFileReference; fileEncoding = 4; lastKnownFileType = sourcecode.swift; path = AuthMainViewController.swift; sourceTree = "<group>"; };
		9866603E1DACE89600B6BD0B /* LoadingScene.swift */ = {isa = PBXFileReference; fileEncoding = 4; lastKnownFileType = sourcecode.swift; path = LoadingScene.swift; sourceTree = "<group>"; };
		986660411DAE020C00B6BD0B /* WODListTableView.swift */ = {isa = PBXFileReference; fileEncoding = 4; lastKnownFileType = sourcecode.swift; path = WODListTableView.swift; sourceTree = "<group>"; };
		987AE23C1DAE367800FBC995 /* WODListTableViewCell.xib */ = {isa = PBXFileReference; fileEncoding = 4; lastKnownFileType = file.xib; path = WODListTableViewCell.xib; sourceTree = "<group>"; };
		987AE23E1DAE3AF000FBC995 /* WODListTableViewCell.swift */ = {isa = PBXFileReference; fileEncoding = 4; lastKnownFileType = sourcecode.swift; path = WODListTableViewCell.swift; sourceTree = "<group>"; };
		987AE2411DAF5A0A00FBC995 /* LoadingCell.xib */ = {isa = PBXFileReference; fileEncoding = 4; lastKnownFileType = file.xib; path = LoadingCell.xib; sourceTree = "<group>"; };
		987AE2441DAF5D1800FBC995 /* WODDetailViewController.swift */ = {isa = PBXFileReference; fileEncoding = 4; lastKnownFileType = sourcecode.swift; path = WODDetailViewController.swift; sourceTree = "<group>"; };
		987AE2461DAF6E0200FBC995 /* WorkoutModel.swift */ = {isa = PBXFileReference; fileEncoding = 4; lastKnownFileType = sourcecode.swift; path = WorkoutModel.swift; sourceTree = "<group>"; };
		987AE2481DAF818200FBC995 /* MainTabBarController.swift */ = {isa = PBXFileReference; fileEncoding = 4; lastKnownFileType = sourcecode.swift; path = MainTabBarController.swift; sourceTree = "<group>"; };
		987AE24B1DAF875000FBC995 /* LoggingViewController.swift */ = {isa = PBXFileReference; fileEncoding = 4; lastKnownFileType = sourcecode.swift; path = LoggingViewController.swift; sourceTree = "<group>"; };
		987AE24E1DAF935D00FBC995 /* NewWorkoutCell.xib */ = {isa = PBXFileReference; fileEncoding = 4; lastKnownFileType = file.xib; path = NewWorkoutCell.xib; sourceTree = "<group>"; };
		987AE2501DB0B1F600FBC995 /* NewWorkoutCell.swift */ = {isa = PBXFileReference; fileEncoding = 4; lastKnownFileType = sourcecode.swift; path = NewWorkoutCell.swift; sourceTree = "<group>"; };
		987AE2521DB4D3AE00FBC995 /* RecommendTableViewCell.xib */ = {isa = PBXFileReference; fileEncoding = 4; lastKnownFileType = file.xib; path = RecommendTableViewCell.xib; sourceTree = "<group>"; };
/* End PBXFileReference section */

/* Begin PBXFrameworksBuildPhase section */
		8E0770A91D99372B00208D9F /* Frameworks */ = {
			isa = PBXFrameworksBuildPhase;
			buildActionMask = 2147483647;
			files = (
			);
			runOnlyForDeploymentPostprocessing = 0;
		};
		8E0770BD1D99372B00208D9F /* Frameworks */ = {
			isa = PBXFrameworksBuildPhase;
			buildActionMask = 2147483647;
			files = (
			);
			runOnlyForDeploymentPostprocessing = 0;
		};
		8E0770C81D99372B00208D9F /* Frameworks */ = {
			isa = PBXFrameworksBuildPhase;
			buildActionMask = 2147483647;
			files = (
			);
			runOnlyForDeploymentPostprocessing = 0;
		};
/* End PBXFrameworksBuildPhase section */

/* Begin PBXGroup section */
		8E0770A31D99372B00208D9F = {
			isa = PBXGroup;
			children = (
				986660361DACBEEB00B6BD0B /* db.sqlite3 */,
				8E0770AE1D99372B00208D9F /* WODStory */,
				8E0770C31D99372B00208D9F /* WODStoryTests */,
				8E0770CE1D99372B00208D9F /* WODStoryUITests */,
				8E0770AD1D99372B00208D9F /* Products */,
				8E0770DD1D993B8E00208D9F /* Frameworks */,
			);
			sourceTree = "<group>";
		};
		8E0770AD1D99372B00208D9F /* Products */ = {
			isa = PBXGroup;
			children = (
				8E0770AC1D99372B00208D9F /* WODStory.app */,
				8E0770C01D99372B00208D9F /* WODStoryTests.xctest */,
				8E0770CB1D99372B00208D9F /* WODStoryUITests.xctest */,
			);
			name = Products;
			sourceTree = "<group>";
		};
		8E0770AE1D99372B00208D9F /* WODStory */ = {
			isa = PBXGroup;
			children = (
				986660331DA4F76A00B6BD0B /* Libraries */,
				9866602C1DA4EEFB00B6BD0B /* Models */,
				8EBD52C01D9D149F009EF442 /* Viewcontrollers */,
				8EBD52B81D9D13D0009EF442 /* Storyboards */,
				8E0770E31D993C1400208D9F /* Items */,
				8E0770E01D993BE800208D9F /* Managers */,
				8E0770AF1D99372B00208D9F /* AppDelegate.swift */,
				8E0770B11D99372B00208D9F /* ViewController.swift */,
				8E0770B61D99372B00208D9F /* Assets.xcassets */,
				8E0770B81D99372B00208D9F /* LaunchScreen.storyboard */,
				8E0770BB1D99372B00208D9F /* Info.plist */,
			);
			path = WODStory;
			sourceTree = "<group>";
		};
		8E0770C31D99372B00208D9F /* WODStoryTests */ = {
			isa = PBXGroup;
			children = (
				8E0770C41D99372B00208D9F /* WODStoryTests.swift */,
				8E0770C61D99372B00208D9F /* Info.plist */,
			);
			path = WODStoryTests;
			sourceTree = "<group>";
		};
		8E0770CE1D99372B00208D9F /* WODStoryUITests */ = {
			isa = PBXGroup;
			children = (
				8E0770CF1D99372B00208D9F /* WODStoryUITests.swift */,
				8E0770D11D99372B00208D9F /* Info.plist */,
			);
			path = WODStoryUITests;
			sourceTree = "<group>";
		};
		8E0770DD1D993B8E00208D9F /* Frameworks */ = {
			isa = PBXGroup;
			children = (
				8E0770DE1D993B8E00208D9F /* libsqlite3.tbd */,
			);
			name = Frameworks;
			sourceTree = "<group>";
		};
		8E0770E01D993BE800208D9F /* Managers */ = {
			isa = PBXGroup;
			children = (
			);
			name = Managers;
			sourceTree = "<group>";
		};
		8E0770E31D993C1400208D9F /* Items */ = {
			isa = PBXGroup;
			children = (
				987AE24D1DAF934900FBC995 /* Logging */,
				986660401DAE01E000B6BD0B /* WODList */,
				8E0770E11D993C0F00208D9F /* Singleton.swift */,
				9866602F1DA4F0F200B6BD0B /* StaticInfo.swift */,
				9866603E1DACE89600B6BD0B /* LoadingScene.swift */,
			);
			name = Items;
			sourceTree = "<group>";
		};
		8EBD52B81D9D13D0009EF442 /* Storyboards */ = {
			isa = PBXGroup;
			children = (
				8E0770B31D99372B00208D9F /* Main.storyboard */,
				8EBD52C11D9E32A4009EF442 /* Logging.storyboard */,
				986660381DACC9EF00B6BD0B /* Auth.storyboard */,
			);
			name = Storyboards;
			sourceTree = "<group>";
		};
		8EBD52C01D9D149F009EF442 /* Viewcontrollers */ = {
			isa = PBXGroup;
			children = (
				987AE24A1DAF874200FBC995 /* Logging */,
				987AE2431DAF5D0500FBC995 /* Detail */,
				9866603D1DACDD9000B6BD0B /* Feed */,
				9866603A1DACDD5700B6BD0B /* Auth */,
				987AE2481DAF818200FBC995 /* MainTabBarController.swift */,
			);
			name = Viewcontrollers;
			sourceTree = "<group>";
		};
		9866602C1DA4EEFB00B6BD0B /* Models */ = {
			isa = PBXGroup;
			children = (
				9866602D1DA4EF2300B6BD0B /* UserModel.swift */,
				986660311DA4F44900B6BD0B /* WODModel.swift */,
				987AE2461DAF6E0200FBC995 /* WorkoutModel.swift */,
			);
			name = Models;
			sourceTree = "<group>";
		};
		986660331DA4F76A00B6BD0B /* Libraries */ = {
			isa = PBXGroup;
			children = (
				986660341DA4F78600B6BD0B /* SwiftyJSON.swift */,
			);
			name = Libraries;
			sourceTree = "<group>";
		};
		9866603A1DACDD5700B6BD0B /* Auth */ = {
			isa = PBXGroup;
			children = (
				9866603B1DACDD8900B6BD0B /* AuthMainViewController.swift */,
			);
			name = Auth;
			sourceTree = "<group>";
		};
		9866603D1DACDD9000B6BD0B /* Feed */ = {
			isa = PBXGroup;
			children = (
				9866602A1DA4EE5F00B6BD0B /* FeedViewController.swift */,
			);
			name = Feed;
			sourceTree = "<group>";
		};
		986660401DAE01E000B6BD0B /* WODList */ = {
			isa = PBXGroup;
			children = (
				987AE2401DAF59FA00FBC995 /* Cells */,
				986660411DAE020C00B6BD0B /* WODListTableView.swift */,
				987AE23E1DAE3AF000FBC995 /* WODListTableViewCell.swift */,
			);
			name = WODList;
			sourceTree = "<group>";
		};
		987AE2401DAF59FA00FBC995 /* Cells */ = {
			isa = PBXGroup;
			children = (
				987AE23C1DAE367800FBC995 /* WODListTableViewCell.xib */,
				987AE2411DAF5A0A00FBC995 /* LoadingCell.xib */,
			);
			name = Cells;
			sourceTree = "<group>";
		};
		987AE2431DAF5D0500FBC995 /* Detail */ = {
			isa = PBXGroup;
			children = (
				987AE2441DAF5D1800FBC995 /* WODDetailViewController.swift */,
			);
			name = Detail;
			sourceTree = "<group>";
		};
		987AE24A1DAF874200FBC995 /* Logging */ = {
			isa = PBXGroup;
			children = (
				987AE24B1DAF875000FBC995 /* LoggingViewController.swift */,
			);
			name = Logging;
			sourceTree = "<group>";
		};
		987AE24D1DAF934900FBC995 /* Logging */ = {
			isa = PBXGroup;
			children = (
				987AE24E1DAF935D00FBC995 /* NewWorkoutCell.xib */,
				987AE2501DB0B1F600FBC995 /* NewWorkoutCell.swift */,
				987AE2521DB4D3AE00FBC995 /* RecommendTableViewCell.xib */,
			);
			name = Logging;
			sourceTree = "<group>";
		};
/* End PBXGroup section */

/* Begin PBXNativeTarget section */
		8E0770AB1D99372B00208D9F /* WODStory */ = {
			isa = PBXNativeTarget;
			buildConfigurationList = 8E0770D41D99372B00208D9F /* Build configuration list for PBXNativeTarget "WODStory" */;
			buildPhases = (
				8E0770A81D99372B00208D9F /* Sources */,
				8E0770A91D99372B00208D9F /* Frameworks */,
				8E0770AA1D99372B00208D9F /* Resources */,
			);
			buildRules = (
			);
			dependencies = (
			);
			name = WODStory;
			productName = WODStory;
			productReference = 8E0770AC1D99372B00208D9F /* WODStory.app */;
			productType = "com.apple.product-type.application";
		};
		8E0770BF1D99372B00208D9F /* WODStoryTests */ = {
			isa = PBXNativeTarget;
			buildConfigurationList = 8E0770D71D99372B00208D9F /* Build configuration list for PBXNativeTarget "WODStoryTests" */;
			buildPhases = (
				8E0770BC1D99372B00208D9F /* Sources */,
				8E0770BD1D99372B00208D9F /* Frameworks */,
				8E0770BE1D99372B00208D9F /* Resources */,
			);
			buildRules = (
			);
			dependencies = (
				8E0770C21D99372B00208D9F /* PBXTargetDependency */,
			);
			name = WODStoryTests;
			productName = WODStoryTests;
			productReference = 8E0770C01D99372B00208D9F /* WODStoryTests.xctest */;
			productType = "com.apple.product-type.bundle.unit-test";
		};
		8E0770CA1D99372B00208D9F /* WODStoryUITests */ = {
			isa = PBXNativeTarget;
			buildConfigurationList = 8E0770DA1D99372B00208D9F /* Build configuration list for PBXNativeTarget "WODStoryUITests" */;
			buildPhases = (
				8E0770C71D99372B00208D9F /* Sources */,
				8E0770C81D99372B00208D9F /* Frameworks */,
				8E0770C91D99372B00208D9F /* Resources */,
			);
			buildRules = (
			);
			dependencies = (
				8E0770CD1D99372B00208D9F /* PBXTargetDependency */,
			);
			name = WODStoryUITests;
			productName = WODStoryUITests;
			productReference = 8E0770CB1D99372B00208D9F /* WODStoryUITests.xctest */;
			productType = "com.apple.product-type.bundle.ui-testing";
		};
/* End PBXNativeTarget section */

/* Begin PBXProject section */
		8E0770A41D99372B00208D9F /* Project object */ = {
			isa = PBXProject;
			attributes = {
				LastSwiftUpdateCheck = 0800;
				LastUpgradeCheck = 0800;
				ORGANIZATIONNAME = "박윤종";
				TargetAttributes = {
					8E0770AB1D99372B00208D9F = {
						CreatedOnToolsVersion = 8.0;
						DevelopmentTeam = X92DN49G9M;
						ProvisioningStyle = Automatic;
					};
					8E0770BF1D99372B00208D9F = {
						CreatedOnToolsVersion = 8.0;
						ProvisioningStyle = Automatic;
						TestTargetID = 8E0770AB1D99372B00208D9F;
					};
					8E0770CA1D99372B00208D9F = {
						CreatedOnToolsVersion = 8.0;
						ProvisioningStyle = Automatic;
						TestTargetID = 8E0770AB1D99372B00208D9F;
					};
				};
			};
			buildConfigurationList = 8E0770A71D99372B00208D9F /* Build configuration list for PBXProject "WODStory" */;
			compatibilityVersion = "Xcode 3.2";
			developmentRegion = English;
			hasScannedForEncodings = 0;
			knownRegions = (
				en,
				Base,
			);
			mainGroup = 8E0770A31D99372B00208D9F;
			productRefGroup = 8E0770AD1D99372B00208D9F /* Products */;
			projectDirPath = "";
			projectRoot = "";
			targets = (
				8E0770AB1D99372B00208D9F /* WODStory */,
				8E0770BF1D99372B00208D9F /* WODStoryTests */,
				8E0770CA1D99372B00208D9F /* WODStoryUITests */,
			);
		};
/* End PBXProject section */

/* Begin PBXResourcesBuildPhase section */
		8E0770AA1D99372B00208D9F /* Resources */ = {
			isa = PBXResourcesBuildPhase;
			buildActionMask = 2147483647;
			files = (
				987AE23D1DAE367800FBC995 /* WODListTableViewCell.xib in Resources */,
				8EBD52C21D9E32A4009EF442 /* Logging.storyboard in Resources */,
				987AE2531DB4D3AE00FBC995 /* RecommendTableViewCell.xib in Resources */,
				987AE24F1DAF935D00FBC995 /* NewWorkoutCell.xib in Resources */,
				986660371DACBEEB00B6BD0B /* db.sqlite3 in Resources */,
				986660391DACC9EF00B6BD0B /* Auth.storyboard in Resources */,
				8E0770BA1D99372B00208D9F /* LaunchScreen.storyboard in Resources */,
				8E0770B71D99372B00208D9F /* Assets.xcassets in Resources */,
				987AE2421DAF5A0A00FBC995 /* LoadingCell.xib in Resources */,
				8E0770B51D99372B00208D9F /* Main.storyboard in Resources */,
			);
			runOnlyForDeploymentPostprocessing = 0;
		};
		8E0770BE1D99372B00208D9F /* Resources */ = {
			isa = PBXResourcesBuildPhase;
			buildActionMask = 2147483647;
			files = (
			);
			runOnlyForDeploymentPostprocessing = 0;
		};
		8E0770C91D99372B00208D9F /* Resources */ = {
			isa = PBXResourcesBuildPhase;
			buildActionMask = 2147483647;
			files = (
			);
			runOnlyForDeploymentPostprocessing = 0;
		};
/* End PBXResourcesBuildPhase section */

/* Begin PBXSourcesBuildPhase section */
		8E0770A81D99372B00208D9F /* Sources */ = {
			isa = PBXSourcesBuildPhase;
			buildActionMask = 2147483647;
			files = (
				8E0770B21D99372B00208D9F /* ViewController.swift in Sources */,
				987AE2511DB0B1F600FBC995 /* NewWorkoutCell.swift in Sources */,
				9866603C1DACDD8900B6BD0B /* AuthMainViewController.swift in Sources */,
				987AE2491DAF818200FBC995 /* MainTabBarController.swift in Sources */,
				986660301DA4F0F200B6BD0B /* StaticInfo.swift in Sources */,
				987AE2471DAF6E0200FBC995 /* WorkoutModel.swift in Sources */,
				986660321DA4F44900B6BD0B /* WODModel.swift in Sources */,
				986660351DA4F78600B6BD0B /* SwiftyJSON.swift in Sources */,
				9866603F1DACE89600B6BD0B /* LoadingScene.swift in Sources */,
				987AE23F1DAE3AF000FBC995 /* WODListTableViewCell.swift in Sources */,
				987AE2451DAF5D1800FBC995 /* WODDetailViewController.swift in Sources */,
				8E0770E21D993C0F00208D9F /* Singleton.swift in Sources */,
				986660421DAE020C00B6BD0B /* WODListTableView.swift in Sources */,
				987AE24C1DAF875000FBC995 /* LoggingViewController.swift in Sources */,
				9866602B1DA4EE5F00B6BD0B /* FeedViewController.swift in Sources */,
				9866602E1DA4EF2300B6BD0B /* UserModel.swift in Sources */,
				8E0770B01D99372B00208D9F /* AppDelegate.swift in Sources */,
			);
			runOnlyForDeploymentPostprocessing = 0;
		};
		8E0770BC1D99372B00208D9F /* Sources */ = {
			isa = PBXSourcesBuildPhase;
			buildActionMask = 2147483647;
			files = (
				8E0770C51D99372B00208D9F /* WODStoryTests.swift in Sources */,
			);
			runOnlyForDeploymentPostprocessing = 0;
		};
		8E0770C71D99372B00208D9F /* Sources */ = {
			isa = PBXSourcesBuildPhase;
			buildActionMask = 2147483647;
			files = (
				8E0770D01D99372B00208D9F /* WODStoryUITests.swift in Sources */,
			);
			runOnlyForDeploymentPostprocessing = 0;
		};
/* End PBXSourcesBuildPhase section */

/* Begin PBXTargetDependency section */
		8E0770C21D99372B00208D9F /* PBXTargetDependency */ = {
			isa = PBXTargetDependency;
			target = 8E0770AB1D99372B00208D9F /* WODStory */;
			targetProxy = 8E0770C11D99372B00208D9F /* PBXContainerItemProxy */;
		};
		8E0770CD1D99372B00208D9F /* PBXTargetDependency */ = {
			isa = PBXTargetDependency;
			target = 8E0770AB1D99372B00208D9F /* WODStory */;
			targetProxy = 8E0770CC1D99372B00208D9F /* PBXContainerItemProxy */;
		};
/* End PBXTargetDependency section */

/* Begin PBXVariantGroup section */
		8E0770B31D99372B00208D9F /* Main.storyboard */ = {
			isa = PBXVariantGroup;
			children = (
				8E0770B41D99372B00208D9F /* Base */,
			);
			name = Main.storyboard;
			sourceTree = "<group>";
		};
		8E0770B81D99372B00208D9F /* LaunchScreen.storyboard */ = {
			isa = PBXVariantGroup;
			children = (
				8E0770B91D99372B00208D9F /* Base */,
			);
			name = LaunchScreen.storyboard;
			sourceTree = "<group>";
		};
/* End PBXVariantGroup section */

/* Begin XCBuildConfiguration section */
		8E0770D21D99372B00208D9F /* Debug */ = {
			isa = XCBuildConfiguration;
			buildSettings = {
				ALWAYS_SEARCH_USER_PATHS = NO;
				CLANG_ANALYZER_NONNULL = YES;
				CLANG_CXX_LANGUAGE_STANDARD = "gnu++0x";
				CLANG_CXX_LIBRARY = "libc++";
				CLANG_ENABLE_MODULES = YES;
				CLANG_ENABLE_OBJC_ARC = YES;
				CLANG_WARN_BOOL_CONVERSION = YES;
				CLANG_WARN_CONSTANT_CONVERSION = YES;
				CLANG_WARN_DIRECT_OBJC_ISA_USAGE = YES_ERROR;
				CLANG_WARN_DOCUMENTATION_COMMENTS = YES;
				CLANG_WARN_EMPTY_BODY = YES;
				CLANG_WARN_ENUM_CONVERSION = YES;
				CLANG_WARN_INFINITE_RECURSION = YES;
				CLANG_WARN_INT_CONVERSION = YES;
				CLANG_WARN_OBJC_ROOT_CLASS = YES_ERROR;
				CLANG_WARN_SUSPICIOUS_MOVES = YES;
				CLANG_WARN_UNREACHABLE_CODE = YES;
				CLANG_WARN__DUPLICATE_METHOD_MATCH = YES;
				"CODE_SIGN_IDENTITY[sdk=iphoneos*]" = "iPhone Developer";
				COPY_PHASE_STRIP = NO;
				DEBUG_INFORMATION_FORMAT = dwarf;
				ENABLE_STRICT_OBJC_MSGSEND = YES;
				ENABLE_TESTABILITY = YES;
				GCC_C_LANGUAGE_STANDARD = gnu99;
				GCC_DYNAMIC_NO_PIC = NO;
				GCC_NO_COMMON_BLOCKS = YES;
				GCC_OPTIMIZATION_LEVEL = 0;
				GCC_PREPROCESSOR_DEFINITIONS = (
					"DEBUG=1",
					"$(inherited)",
				);
				GCC_WARN_64_TO_32_BIT_CONVERSION = YES;
				GCC_WARN_ABOUT_RETURN_TYPE = YES_ERROR;
				GCC_WARN_UNDECLARED_SELECTOR = YES;
				GCC_WARN_UNINITIALIZED_AUTOS = YES_AGGRESSIVE;
				GCC_WARN_UNUSED_FUNCTION = YES;
				GCC_WARN_UNUSED_VARIABLE = YES;
				IPHONEOS_DEPLOYMENT_TARGET = 10.0;
				MTL_ENABLE_DEBUG_INFO = YES;
				ONLY_ACTIVE_ARCH = YES;
				SDKROOT = iphoneos;
				SWIFT_ACTIVE_COMPILATION_CONDITIONS = DEBUG;
				SWIFT_OPTIMIZATION_LEVEL = "-Onone";
			};
			name = Debug;
		};
		8E0770D31D99372B00208D9F /* Release */ = {
			isa = XCBuildConfiguration;
			buildSettings = {
				ALWAYS_SEARCH_USER_PATHS = NO;
				CLANG_ANALYZER_NONNULL = YES;
				CLANG_CXX_LANGUAGE_STANDARD = "gnu++0x";
				CLANG_CXX_LIBRARY = "libc++";
				CLANG_ENABLE_MODULES = YES;
				CLANG_ENABLE_OBJC_ARC = YES;
				CLANG_WARN_BOOL_CONVERSION = YES;
				CLANG_WARN_CONSTANT_CONVERSION = YES;
				CLANG_WARN_DIRECT_OBJC_ISA_USAGE = YES_ERROR;
				CLANG_WARN_DOCUMENTATION_COMMENTS = YES;
				CLANG_WARN_EMPTY_BODY = YES;
				CLANG_WARN_ENUM_CONVERSION = YES;
				CLANG_WARN_INFINITE_RECURSION = YES;
				CLANG_WARN_INT_CONVERSION = YES;
				CLANG_WARN_OBJC_ROOT_CLASS = YES_ERROR;
				CLANG_WARN_SUSPICIOUS_MOVES = YES;
				CLANG_WARN_UNREACHABLE_CODE = YES;
				CLANG_WARN__DUPLICATE_METHOD_MATCH = YES;
				"CODE_SIGN_IDENTITY[sdk=iphoneos*]" = "iPhone Developer";
				COPY_PHASE_STRIP = NO;
				DEBUG_INFORMATION_FORMAT = "dwarf-with-dsym";
				ENABLE_NS_ASSERTIONS = NO;
				ENABLE_STRICT_OBJC_MSGSEND = YES;
				GCC_C_LANGUAGE_STANDARD = gnu99;
				GCC_NO_COMMON_BLOCKS = YES;
				GCC_WARN_64_TO_32_BIT_CONVERSION = YES;
				GCC_WARN_ABOUT_RETURN_TYPE = YES_ERROR;
				GCC_WARN_UNDECLARED_SELECTOR = YES;
				GCC_WARN_UNINITIALIZED_AUTOS = YES_AGGRESSIVE;
				GCC_WARN_UNUSED_FUNCTION = YES;
				GCC_WARN_UNUSED_VARIABLE = YES;
				IPHONEOS_DEPLOYMENT_TARGET = 10.0;
				MTL_ENABLE_DEBUG_INFO = NO;
				SDKROOT = iphoneos;
				SWIFT_OPTIMIZATION_LEVEL = "-Owholemodule";
				VALIDATE_PRODUCT = YES;
			};
			name = Release;
		};
		8E0770D51D99372B00208D9F /* Debug */ = {
			isa = XCBuildConfiguration;
			buildSettings = {
				ASSETCATALOG_COMPILER_APPICON_NAME = AppIcon;
				DEVELOPMENT_TEAM = X92DN49G9M;
				INFOPLIST_FILE = WODStory/Info.plist;
				IPHONEOS_DEPLOYMENT_TARGET = 8.0;
				LD_RUNPATH_SEARCH_PATHS = "$(inherited) @executable_path/Frameworks";
				PRODUCT_BUNDLE_IDENTIFIER = spas.WODStory;
				PRODUCT_NAME = "$(TARGET_NAME)";
				SWIFT_VERSION = 3.0;
			};
			name = Debug;
		};
		8E0770D61D99372B00208D9F /* Release */ = {
			isa = XCBuildConfiguration;
			buildSettings = {
				ASSETCATALOG_COMPILER_APPICON_NAME = AppIcon;
				DEVELOPMENT_TEAM = X92DN49G9M;
				INFOPLIST_FILE = WODStory/Info.plist;
				IPHONEOS_DEPLOYMENT_TARGET = 8.0;
				LD_RUNPATH_SEARCH_PATHS = "$(inherited) @executable_path/Frameworks";
				PRODUCT_BUNDLE_IDENTIFIER = spas.WODStory;
				PRODUCT_NAME = "$(TARGET_NAME)";
				SWIFT_VERSION = 3.0;
			};
			name = Release;
		};
		8E0770D81D99372B00208D9F /* Debug */ = {
			isa = XCBuildConfiguration;
			buildSettings = {
				ALWAYS_EMBED_SWIFT_STANDARD_LIBRARIES = YES;
				BUNDLE_LOADER = "$(TEST_HOST)";
				INFOPLIST_FILE = WODStoryTests/Info.plist;
				LD_RUNPATH_SEARCH_PATHS = "$(inherited) @executable_path/Frameworks @loader_path/Frameworks";
				PRODUCT_BUNDLE_IDENTIFIER = teamRad.WODStoryTests;
				PRODUCT_NAME = "$(TARGET_NAME)";
				SWIFT_VERSION = 3.0;
				TEST_HOST = "$(BUILT_PRODUCTS_DIR)/WODStory.app/WODStory";
			};
			name = Debug;
		};
		8E0770D91D99372B00208D9F /* Release */ = {
			isa = XCBuildConfiguration;
			buildSettings = {
				ALWAYS_EMBED_SWIFT_STANDARD_LIBRARIES = YES;
				BUNDLE_LOADER = "$(TEST_HOST)";
				INFOPLIST_FILE = WODStoryTests/Info.plist;
				LD_RUNPATH_SEARCH_PATHS = "$(inherited) @executable_path/Frameworks @loader_path/Frameworks";
				PRODUCT_BUNDLE_IDENTIFIER = teamRad.WODStoryTests;
				PRODUCT_NAME = "$(TARGET_NAME)";
				SWIFT_VERSION = 3.0;
				TEST_HOST = "$(BUILT_PRODUCTS_DIR)/WODStory.app/WODStory";
			};
			name = Release;
		};
		8E0770DB1D99372B00208D9F /* Debug */ = {
			isa = XCBuildConfiguration;
			buildSettings = {
				ALWAYS_EMBED_SWIFT_STANDARD_LIBRARIES = YES;
				INFOPLIST_FILE = WODStoryUITests/Info.plist;
				LD_RUNPATH_SEARCH_PATHS = "$(inherited) @executable_path/Frameworks @loader_path/Frameworks";
				PRODUCT_BUNDLE_IDENTIFIER = teamRad.WODStoryUITests;
				PRODUCT_NAME = "$(TARGET_NAME)";
				SWIFT_VERSION = 3.0;
				TEST_TARGET_NAME = WODStory;
			};
			name = Debug;
		};
		8E0770DC1D99372B00208D9F /* Release */ = {
			isa = XCBuildConfiguration;
			buildSettings = {
				ALWAYS_EMBED_SWIFT_STANDARD_LIBRARIES = YES;
				INFOPLIST_FILE = WODStoryUITests/Info.plist;
				LD_RUNPATH_SEARCH_PATHS = "$(inherited) @executable_path/Frameworks @loader_path/Frameworks";
				PRODUCT_BUNDLE_IDENTIFIER = teamRad.WODStoryUITests;
				PRODUCT_NAME = "$(TARGET_NAME)";
				SWIFT_VERSION = 3.0;
				TEST_TARGET_NAME = WODStory;
			};
			name = Release;
		};
/* End XCBuildConfiguration section */

/* Begin XCConfigurationList section */
		8E0770A71D99372B00208D9F /* Build configuration list for PBXProject "WODStory" */ = {
			isa = XCConfigurationList;
			buildConfigurations = (
				8E0770D21D99372B00208D9F /* Debug */,
				8E0770D31D99372B00208D9F /* Release */,
			);
			defaultConfigurationIsVisible = 0;
			defaultConfigurationName = Release;
		};
		8E0770D41D99372B00208D9F /* Build configuration list for PBXNativeTarget "WODStory" */ = {
			isa = XCConfigurationList;
			buildConfigurations = (
				8E0770D51D99372B00208D9F /* Debug */,
				8E0770D61D99372B00208D9F /* Release */,
			);
			defaultConfigurationIsVisible = 0;
			defaultConfigurationName = Release;
		};
		8E0770D71D99372B00208D9F /* Build configuration list for PBXNativeTarget "WODStoryTests" */ = {
			isa = XCConfigurationList;
			buildConfigurations = (
				8E0770D81D99372B00208D9F /* Debug */,
				8E0770D91D99372B00208D9F /* Release */,
			);
			defaultConfigurationIsVisible = 0;
			defaultConfigurationName = Release;
		};
		8E0770DA1D99372B00208D9F /* Build configuration list for PBXNativeTarget "WODStoryUITests" */ = {
			isa = XCConfigurationList;
			buildConfigurations = (
				8E0770DB1D99372B00208D9F /* Debug */,
				8E0770DC1D99372B00208D9F /* Release */,
			);
			defaultConfigurationIsVisible = 0;
			defaultConfigurationName = Release;
		};
/* End XCConfigurationList section */
	};
	rootObject = 8E0770A41D99372B00208D9F /* Project object */;
}
